dependencies:
  espressif/cmake_utilities:
    component_hash: c3f351bed6fdb3d91bee6076740cb13d22e2c7bfcdd78969a65b46943885bbd4
    source:
      service_url: https://api.components.espressif.com/
      type: service
    version: 0.5.2
  idf:
    component_hash: null
    source:
      type: idf
    version: 5.0.1
manifest_hash: 9086cdebf0f7703ec743d5dd8fa8079d7e5b18c657fd94ecf4fd60448529e3d1
target: esp32s3
version: 1.0.0
